
Microsoft Visual Studio Solution File, Format Version 12.00
# Visual Studio Version 17
VisualStudioVersion = 17.10.35122.118
MinimumVisualStudioVersion = 10.0.40219.1
Project("{E24C65DC-7377-472B-9ABA-BC803B73C61A}") = "html2", ".", "{082612B0-E4C7-4E74-ABAD-D41A0D2CDBEE}"
	ProjectSection(WebsiteProperties) = preProject
		TargetFrameworkMoniker = ".NETFramework,Version%3Dv4.8"
		Debug.AspNetCompiler.VirtualPath = "/localhost_51042"
		Debug.AspNetCompiler.PhysicalPath = "..\..\..\..\..\html2\"
		Debug.AspNetCompiler.TargetPath = "PrecompiledWeb\localhost_51042\"
		Debug.AspNetCompiler.Updateable = "true"
		Debug.AspNetCompiler.ForceOverwrite = "true"
		Debug.AspNetCompiler.FixedNames = "false"
		Debug.AspNetCompiler.Debug = "True"
		Release.AspNetCompiler.VirtualPath = "/localhost_51042"
		Release.AspNetCompiler.PhysicalPath = "..\..\..\..\..\html2\"
		Release.AspNetCompiler.TargetPath = "PrecompiledWeb\localhost_51042\"
		Release.AspNetCompiler.Updateable = "true"
		Release.AspNetCompiler.ForceOverwrite = "true"
		Release.AspNetCompiler.FixedNames = "false"
		Release.AspNetCompiler.Debug = "False"
		VWDPort = "51042"
	EndProjectSection
EndProject
Global
	GlobalSection(SolutionConfigurationPlatforms) = preSolution
		Debug|Any CPU = Debug|Any CPU
	EndGlobalSection
	GlobalSection(ProjectConfigurationPlatforms) = postSolution
		{082612B0-E4C7-4E74-ABAD-D41A0D2CDBEE}.Debug|Any CPU.ActiveCfg = Debug|Any CPU
		{082612B0-E4C7-4E74-ABAD-D41A0D2CDBEE}.Debug|Any CPU.Build.0 = Debug|Any CPU
	EndGlobalSection
	GlobalSection(SolutionProperties) = preSolution
		HideSolutionNode = FALSE
	EndGlobalSection
	GlobalSection(ExtensibilityGlobals) = postSolution
		SolutionGuid = {D49EEFE8-5B7B-422B-BC93-4D3ECBD5D764}
	EndGlobalSection
EndGlobal
